
Microsoft Visual Studio Solution File, Format Version 12.00
# Visual Studio Version 17
VisualStudioVersion = 17.9.34616.47
MinimumVisualStudioVersion = 10.0.40219.1
Project("{FAE04EC0-301F-11D3-BF4B-00C04F79EFBC}") = "test", "test\test.csproj", "{12EBEBEA-0F81-406F-819B-3B6ABFCBCF5A}"
EndProject
Global
	GlobalSection(SolutionConfigurationPlatforms) = preSolution
		Debug|Any CPU = Debug|Any CPU
		Release|Any CPU = Release|Any CPU
	EndGlobalSection
	GlobalSection(ProjectConfigurationPlatforms) = postSolution
		{12EBEBEA-0F81-406F-819B-3B6ABFCBCF5A}.Debug|Any CPU.ActiveCfg = Debug|Any CPU
		{12EBEBEA-0F81-406F-819B-3B6ABFCBCF5A}.Debug|Any CPU.Build.0 = Debug|Any CPU
		{12EBEBEA-0F81-406F-819B-3B6ABFCBCF5A}.Release|Any CPU.ActiveCfg = Release|Any CPU
		{12EBEBEA-0F81-406F-819B-3B6ABFCBCF5A}.Release|Any CPU.Build.0 = Release|Any CPU
	EndGlobalSection
	GlobalSection(SolutionProperties) = preSolution
		HideSolutionNode = FALSE
	EndGlobalSection
	GlobalSection(ExtensibilityGlobals) = postSolution
		SolutionGuid = {6CB0E30A-B187-43CE-AE8B-52BD78563A92}
	EndGlobalSection
EndGlobal
